Microsoft Visual Studio Solution File, Format Version 12.00
# Visual Studio Version 17
VisualStudioVersion = 17.5.2.0
MinimumVisualStudioVersion = 10.0.40219.1
Project("{FAE04EC0-301F-11D3-BF4B-00C04F79EFBC}") = "MPP_Atividade_Prova_13102025", "MPP_Atividade_Prova_13102025.csproj", "{BF2C1BF6-09D6-17E1-1584-D2374F085E21}"
EndProject
Global
	GlobalSection(SolutionConfigurationPlatforms) = preSolution
		Debug|Any CPU = Debug|Any CPU
		Release|Any CPU = Release|Any CPU
	EndGlobalSection
	GlobalSection(ProjectConfigurationPlatforms) = postSolution
		{BF2C1BF6-09D6-17E1-1584-D2374F085E21}.Debug|Any CPU.ActiveCfg = Debug|Any CPU
		{BF2C1BF6-09D6-17E1-1584-D2374F085E21}.Debug|Any CPU.Build.0 = Debug|Any CPU
		{BF2C1BF6-09D6-17E1-1584-D2374F085E21}.Release|Any CPU.ActiveCfg = Release|Any CPU
		{BF2C1BF6-09D6-17E1-1584-D2374F085E21}.Release|Any CPU.Build.0 = Release|Any CPU
	EndGlobalSection
	GlobalSection(SolutionProperties) = preSolution
		HideSolutionNode = FALSE
	EndGlobalSection
	GlobalSection(ExtensibilityGlobals) = postSolution
		SolutionGuid = {32F09344-D91B-4BA3-92FA-04AA65BD3AEC}
	EndGlobalSection
EndGlobal
