
Microsoft Visual Studio Solution File, Format Version 12.00
# Visual Studio Version 17
VisualStudioVersion = 17.0.31903.59
MinimumVisualStudioVersion = 10.0.40219.1
Project("{FAE04EC0-301F-11D3-BF4B-00C04F79EFBC}") = "MPP_FamilyFactory_Example17032025", "MPP_FamilyFactory_Example17032025\MPP_FamilyFactory_Example17032025.csproj", "{374EFD4A-8F21-4DE8-B9AC-65D71A4C4526}"
EndProject
Project("{FAE04EC0-301F-11D3-BF4B-00C04F79EFBC}") = "ATVMPP_FamilyFactoryAbstract_17032025", "ATVMPP_FamilyFactoryAbstract_17032025\ATVMPP_FamilyFactoryAbstract_17032025.csproj", "{750E1C9E-88FF-4749-AFFA-218B8BC8C925}"
EndProject
Project("{FAE04EC0-301F-11D3-BF4B-00C04F79EFBC}") = "BuilderAppExampleMPP", "BuilderAppExampleMPP\BuilderAppExampleMPP.csproj", "{BE17840A-2CCF-4D1E-B638-3CF0D399E382}"
EndProject
Project("{FAE04EC0-301F-11D3-BF4B-00C04F79EFBC}") = "ATV_MPP_Builder_24032025", "ATV_MPP_Builder_24032025\ATV_MPP_Builder_24032025.csproj", "{39183412-7200-4FDB-B613-2D33217BDBE5}"
EndProject
Project("{FAE04EC0-301F-11D3-BF4B-00C04F79EFBC}") = "MPP_Prototype_Example_31032025", "MPP_Prototype_Example_31032025\MPP_Prototype_Example_31032025.csproj", "{4AC1ABE1-3BCD-4BB1-8C3A-0C07F461F166}"
EndProject
Project("{FAE04EC0-301F-11D3-BF4B-00C04F79EFBC}") = "AtvMPP_Prototype_31032025", "AtvMPP_Prototype_31032025\AtvMPP_Prototype_31032025.csproj", "{4670B175-0C63-4BB4-BDA6-5D3D5C06FACC}"
EndProject
Project("{FAE04EC0-301F-11D3-BF4B-00C04F79EFBC}") = "MPP_Proxy_EXAMPLE_07042025", "MPP_Proxy_EXAMPLE_07042025\MPP_Proxy_EXAMPLE_07042025.csproj", "{5F72C6D8-2996-441B-9705-F98CEEF2A338}"
EndProject
Project("{FAE04EC0-301F-11D3-BF4B-00C04F79EFBC}") = "MPP_Adapter_Example_14042025", "MPP_Adapter_Example_14042025\MPP_Adapter_Example_14042025.csproj", "{A5110231-FD26-4B26-8FB3-2CA298CBE264}"
EndProject
Project("{FAE04EC0-301F-11D3-BF4B-00C04F79EFBC}") = "MPP_Adapter_Atv_14042025", "MPP_Adapter_Atv_14042025\MPP_Adapter_Atv_14042025.csproj", "{889CF709-5F3D-4423-9F9A-CF7065CA0DEA}"
EndProject
Project("{FAE04EC0-301F-11D3-BF4B-00C04F79EFBC}") = "ProvaAtv1Respostas", "ProvaAtv1Respostas\ProvaAtv1Respostas.csproj", "{5FEC5F24-1B7C-4F6A-8EBD-0B334B506C47}"
EndProject
Project("{FAE04EC0-301F-11D3-BF4B-00C04F79EFBC}") = "ProvaAtv2Respostas", "ProvaAtv2Respostas\ProvaAtv2Respostas.csproj", "{BB44045C-4D7D-4889-ADC0-4CCBB2CCAA94}"
EndProject
Project("{FAE04EC0-301F-11D3-BF4B-00C04F79EFBC}") = "ProvaAtv3Respostas", "ProvaAtv3Respostas\ProvaAtv3Respostas.csproj", "{3D25091A-74DF-472B-83B5-CD7F12242A21}"
EndProject
Project("{FAE04EC0-301F-11D3-BF4B-00C04F79EFBC}") = "ProvaAtv4Respostas", "ProvaAtv4Respostas\ProvaAtv4Respostas.csproj", "{F632146A-51C3-4F4E-8FFD-AD2B42874A26}"
EndProject
Project("{FAE04EC0-301F-11D3-BF4B-00C04F79EFBC}") = "ProvaAtv5Respostas", "ProvaAtv5Respostas\ProvaAtv5Respostas.csproj", "{57462AFA-04F7-48DC-9B22-B8C9CBC1734B}"
EndProject
Project("{FAE04EC0-301F-11D3-BF4B-00C04F79EFBC}") = "ProvaAtv6Respostas", "ProvaAtv6Respostas\ProvaAtv6Respostas.csproj", "{6506597F-57D9-4404-8839-2F95F57E4D15}"
EndProject
Project("{FAE04EC0-301F-11D3-BF4B-00C04F79EFBC}") = "ProvaAtv7Respostas", "ProvaAtv7Respostas\ProvaAtv7Respostas.csproj", "{41CA8A23-7073-4083-BE44-DA0AF8E2EAD0}"
EndProject
Project("{FAE04EC0-301F-11D3-BF4B-00C04F79EFBC}") = "ProvaAtv8Respostas", "ProvaAtv8Respostas\ProvaAtv8Respostas.csproj", "{48D5249F-997D-43C3-A8D4-7F8E0AC86C66}"
EndProject
Project("{FAE04EC0-301F-11D3-BF4B-00C04F79EFBC}") = "ProvaAtv9Respostas", "ProvaAtv9Respostas\ProvaAtv9Respostas.csproj", "{696ADA69-05E6-47C3-BF7F-85B5EA51A6C6}"
EndProject
Project("{FAE04EC0-301F-11D3-BF4B-00C04F79EFBC}") = "ProvaAtv10Respostas", "ProvaAtv10Respostas\ProvaAtv10Respostas.csproj", "{BE7EAE11-1B48-4056-872A-025E0FA9F58B}"
EndProject
Project("{FAE04EC0-301F-11D3-BF4B-00C04F79EFBC}") = "MPP_Bridge_Example_09062025", "MPP_Bridge_Example_09062025\MPP_Bridge_Example_09062025.csproj", "{9E9C50E2-AFBF-4EAB-B68B-172D6A472AE9}"
EndProject
Project("{FAE04EC0-301F-11D3-BF4B-00C04F79EFBC}") = "MPP_ATV_Bridge_09062025", "MPP_ATV_Bridge_09062025\MPP_ATV_Bridge_09062025.csproj", "{64D5544D-1724-468E-9C4D-DDFD4F62BFC7}"
EndProject
Project("{FAE04EC0-301F-11D3-BF4B-00C04F79EFBC}") = "MPP_Composite_Example_16062025", "MPP_Composite_Example_16062025\MPP_Composite_Example_16062025.csproj", "{87F88918-536B-4E51-90BE-D2F53A55EA98}"
EndProject
Project("{FAE04EC0-301F-11D3-BF4B-00C04F79EFBC}") = "MPP_Composite_Challenge_16062025", "MPP_Composite_Challenge_16062025\MPP_Composite_Challenge_16062025.csproj", "{1561E7FA-86E1-4C1E-BF17-CE09351F382F}"
EndProject
Project("{FAE04EC0-301F-11D3-BF4B-00C04F79EFBC}") = "MPP_Atv_Composite_16062025", "MPP_Atv_Composite_16062025\MPP_Atv_Composite_16062025.csproj", "{D2218048-4961-40FF-8FEC-4A69A73258B3}"
EndProject
Project("{FAE04EC0-301F-11D3-BF4B-00C04F79EFBC}") = "MPP_FlyWeight_Example_23062025", "MPP_FlyWeight_Example_23062025\MPP_FlyWeight_Example_23062025.csproj", "{B39E3696-4FFF-484D-88A0-7F08D6F84AC0}"
EndProject
Project("{FAE04EC0-301F-11D3-BF4B-00C04F79EFBC}") = "MPP_Revisão_18_AtividadesEDiagramas", "MPP_Revisão_18_AtividadesEDiagramas\MPP_Revisão_18_AtividadesEDiagramas.csproj", "{73BF1E35-76C3-4EDA-A12B-A5F4CAC3CF63}"
EndProject
Project("{FAE04EC0-301F-11D3-BF4B-00C04F79EFBC}") = "MPP_Command_Example_08092025", "MPP_Command_Example_08092025\MPP_Command_Example_08092025.csproj", "{0BA16A19-A137-4EFE-B8D5-A848D39662B3}"
EndProject
Project("{FAE04EC0-301F-11D3-BF4B-00C04F79EFBC}") = "MPP_Command_ExampleFromPresentation_08092025", "MPP_Command_ExampleFromPresentation_08092025\MPP_Command_ExampleFromPresentation_08092025.csproj", "{40F23043-E093-4873-968B-7F2A64283EA2}"
EndProject
Project("{FAE04EC0-301F-11D3-BF4B-00C04F79EFBC}") = "MPP_Command_Activity_08092025", "MPP_Command_Activity_08092025\MPP_Command_Activity_08092025.csproj", "{F8268151-A4F1-40A3-8459-DF738532B3FD}"
EndProject
Global
	GlobalSection(SolutionConfigurationPlatforms) = preSolution
		Debug|Any CPU = Debug|Any CPU
		Debug|x64 = Debug|x64
		Debug|x86 = Debug|x86
		Release|Any CPU = Release|Any CPU
		Release|x64 = Release|x64
		Release|x86 = Release|x86
	EndGlobalSection
	GlobalSection(ProjectConfigurationPlatforms) = postSolution
		{374EFD4A-8F21-4DE8-B9AC-65D71A4C4526}.Debug|Any CPU.ActiveCfg = Debug|Any CPU
		{374EFD4A-8F21-4DE8-B9AC-65D71A4C4526}.Debug|Any CPU.Build.0 = Debug|Any CPU
		{374EFD4A-8F21-4DE8-B9AC-65D71A4C4526}.Debug|x64.ActiveCfg = Debug|Any CPU
		{374EFD4A-8F21-4DE8-B9AC-65D71A4C4526}.Debug|x64.Build.0 = Debug|Any CPU
		{374EFD4A-8F21-4DE8-B9AC-65D71A4C4526}.Debug|x86.ActiveCfg = Debug|Any CPU
		{374EFD4A-8F21-4DE8-B9AC-65D71A4C4526}.Debug|x86.Build.0 = Debug|Any CPU
		{374EFD4A-8F21-4DE8-B9AC-65D71A4C4526}.Release|Any CPU.ActiveCfg = Release|Any CPU
		{374EFD4A-8F21-4DE8-B9AC-65D71A4C4526}.Release|Any CPU.Build.0 = Release|Any CPU
		{374EFD4A-8F21-4DE8-B9AC-65D71A4C4526}.Release|x64.ActiveCfg = Release|Any CPU
		{374EFD4A-8F21-4DE8-B9AC-65D71A4C4526}.Release|x64.Build.0 = Release|Any CPU
		{374EFD4A-8F21-4DE8-B9AC-65D71A4C4526}.Release|x86.ActiveCfg = Release|Any CPU
		{374EFD4A-8F21-4DE8-B9AC-65D71A4C4526}.Release|x86.Build.0 = Release|Any CPU
		{750E1C9E-88FF-4749-AFFA-218B8BC8C925}.Debug|Any CPU.ActiveCfg = Debug|Any CPU
		{750E1C9E-88FF-4749-AFFA-218B8BC8C925}.Debug|Any CPU.Build.0 = Debug|Any CPU
		{750E1C9E-88FF-4749-AFFA-218B8BC8C925}.Debug|x64.ActiveCfg = Debug|Any CPU
		{750E1C9E-88FF-4749-AFFA-218B8BC8C925}.Debug|x64.Build.0 = Debug|Any CPU
		{750E1C9E-88FF-4749-AFFA-218B8BC8C925}.Debug|x86.ActiveCfg = Debug|Any CPU
		{750E1C9E-88FF-4749-AFFA-218B8BC8C925}.Debug|x86.Build.0 = Debug|Any CPU
		{750E1C9E-88FF-4749-AFFA-218B8BC8C925}.Release|Any CPU.ActiveCfg = Release|Any CPU
		{750E1C9E-88FF-4749-AFFA-218B8BC8C925}.Release|Any CPU.Build.0 = Release|Any CPU
		{750E1C9E-88FF-4749-AFFA-218B8BC8C925}.Release|x64.ActiveCfg = Release|Any CPU
		{750E1C9E-88FF-4749-AFFA-218B8BC8C925}.Release|x64.Build.0 = Release|Any CPU
		{750E1C9E-88FF-4749-AFFA-218B8BC8C925}.Release|x86.ActiveCfg = Release|Any CPU
		{750E1C9E-88FF-4749-AFFA-218B8BC8C925}.Release|x86.Build.0 = Release|Any CPU
		{BE17840A-2CCF-4D1E-B638-3CF0D399E382}.Debug|Any CPU.ActiveCfg = Debug|Any CPU
		{BE17840A-2CCF-4D1E-B638-3CF0D399E382}.Debug|Any CPU.Build.0 = Debug|Any CPU
		{BE17840A-2CCF-4D1E-B638-3CF0D399E382}.Debug|x64.ActiveCfg = Debug|Any CPU
		{BE17840A-2CCF-4D1E-B638-3CF0D399E382}.Debug|x64.Build.0 = Debug|Any CPU
		{BE17840A-2CCF-4D1E-B638-3CF0D399E382}.Debug|x86.ActiveCfg = Debug|Any CPU
		{BE17840A-2CCF-4D1E-B638-3CF0D399E382}.Debug|x86.Build.0 = Debug|Any CPU
		{BE17840A-2CCF-4D1E-B638-3CF0D399E382}.Release|Any CPU.ActiveCfg = Release|Any CPU
		{BE17840A-2CCF-4D1E-B638-3CF0D399E382}.Release|Any CPU.Build.0 = Release|Any CPU
		{BE17840A-2CCF-4D1E-B638-3CF0D399E382}.Release|x64.ActiveCfg = Release|Any CPU
		{BE17840A-2CCF-4D1E-B638-3CF0D399E382}.Release|x64.Build.0 = Release|Any CPU
		{BE17840A-2CCF-4D1E-B638-3CF0D399E382}.Release|x86.ActiveCfg = Release|Any CPU
		{BE17840A-2CCF-4D1E-B638-3CF0D399E382}.Release|x86.Build.0 = Release|Any CPU
		{39183412-7200-4FDB-B613-2D33217BDBE5}.Debug|Any CPU.ActiveCfg = Debug|Any CPU
		{39183412-7200-4FDB-B613-2D33217BDBE5}.Debug|Any CPU.Build.0 = Debug|Any CPU
		{39183412-7200-4FDB-B613-2D33217BDBE5}.Debug|x64.ActiveCfg = Debug|Any CPU
		{39183412-7200-4FDB-B613-2D33217BDBE5}.Debug|x64.Build.0 = Debug|Any CPU
		{39183412-7200-4FDB-B613-2D33217BDBE5}.Debug|x86.ActiveCfg = Debug|Any CPU
		{39183412-7200-4FDB-B613-2D33217BDBE5}.Debug|x86.Build.0 = Debug|Any CPU
		{39183412-7200-4FDB-B613-2D33217BDBE5}.Release|Any CPU.ActiveCfg = Release|Any CPU
		{39183412-7200-4FDB-B613-2D33217BDBE5}.Release|Any CPU.Build.0 = Release|Any CPU
		{39183412-7200-4FDB-B613-2D33217BDBE5}.Release|x64.ActiveCfg = Release|Any CPU
		{39183412-7200-4FDB-B613-2D33217BDBE5}.Release|x64.Build.0 = Release|Any CPU
		{39183412-7200-4FDB-B613-2D33217BDBE5}.Release|x86.ActiveCfg = Release|Any CPU
		{39183412-7200-4FDB-B613-2D33217BDBE5}.Release|x86.Build.0 = Release|Any CPU
		{4AC1ABE1-3BCD-4BB1-8C3A-0C07F461F166}.Debug|Any CPU.ActiveCfg = Debug|Any CPU
		{4AC1ABE1-3BCD-4BB1-8C3A-0C07F461F166}.Debug|Any CPU.Build.0 = Debug|Any CPU
		{4AC1ABE1-3BCD-4BB1-8C3A-0C07F461F166}.Debug|x64.ActiveCfg = Debug|Any CPU
		{4AC1ABE1-3BCD-4BB1-8C3A-0C07F461F166}.Debug|x64.Build.0 = Debug|Any CPU
		{4AC1ABE1-3BCD-4BB1-8C3A-0C07F461F166}.Debug|x86.ActiveCfg = Debug|Any CPU
		{4AC1ABE1-3BCD-4BB1-8C3A-0C07F461F166}.Debug|x86.Build.0 = Debug|Any CPU
		{4AC1ABE1-3BCD-4BB1-8C3A-0C07F461F166}.Release|Any CPU.ActiveCfg = Release|Any CPU
		{4AC1ABE1-3BCD-4BB1-8C3A-0C07F461F166}.Release|Any CPU.Build.0 = Release|Any CPU
		{4AC1ABE1-3BCD-4BB1-8C3A-0C07F461F166}.Release|x64.ActiveCfg = Release|Any CPU
		{4AC1ABE1-3BCD-4BB1-8C3A-0C07F461F166}.Release|x64.Build.0 = Release|Any CPU
		{4AC1ABE1-3BCD-4BB1-8C3A-0C07F461F166}.Release|x86.ActiveCfg = Release|Any CPU
		{4AC1ABE1-3BCD-4BB1-8C3A-0C07F461F166}.Release|x86.Build.0 = Release|Any CPU
		{4670B175-0C63-4BB4-BDA6-5D3D5C06FACC}.Debug|Any CPU.ActiveCfg = Debug|Any CPU
		{4670B175-0C63-4BB4-BDA6-5D3D5C06FACC}.Debug|Any CPU.Build.0 = Debug|Any CPU
		{4670B175-0C63-4BB4-BDA6-5D3D5C06FACC}.Debug|x64.ActiveCfg = Debug|Any CPU
		{4670B175-0C63-4BB4-BDA6-5D3D5C06FACC}.Debug|x64.Build.0 = Debug|Any CPU
		{4670B175-0C63-4BB4-BDA6-5D3D5C06FACC}.Debug|x86.ActiveCfg = Debug|Any CPU
		{4670B175-0C63-4BB4-BDA6-5D3D5C06FACC}.Debug|x86.Build.0 = Debug|Any CPU
		{4670B175-0C63-4BB4-BDA6-5D3D5C06FACC}.Release|Any CPU.ActiveCfg = Release|Any CPU
		{4670B175-0C63-4BB4-BDA6-5D3D5C06FACC}.Release|Any CPU.Build.0 = Release|Any CPU
		{4670B175-0C63-4BB4-BDA6-5D3D5C06FACC}.Release|x64.ActiveCfg = Release|Any CPU
		{4670B175-0C63-4BB4-BDA6-5D3D5C06FACC}.Release|x64.Build.0 = Release|Any CPU
		{4670B175-0C63-4BB4-BDA6-5D3D5C06FACC}.Release|x86.ActiveCfg = Release|Any CPU
		{4670B175-0C63-4BB4-BDA6-5D3D5C06FACC}.Release|x86.Build.0 = Release|Any CPU
		{5F72C6D8-2996-441B-9705-F98CEEF2A338}.Debug|Any CPU.ActiveCfg = Debug|Any CPU
		{5F72C6D8-2996-441B-9705-F98CEEF2A338}.Debug|Any CPU.Build.0 = Debug|Any CPU
		{5F72C6D8-2996-441B-9705-F98CEEF2A338}.Debug|x64.ActiveCfg = Debug|Any CPU
		{5F72C6D8-2996-441B-9705-F98CEEF2A338}.Debug|x64.Build.0 = Debug|Any CPU
		{5F72C6D8-2996-441B-9705-F98CEEF2A338}.Debug|x86.ActiveCfg = Debug|Any CPU
		{5F72C6D8-2996-441B-9705-F98CEEF2A338}.Debug|x86.Build.0 = Debug|Any CPU
		{5F72C6D8-2996-441B-9705-F98CEEF2A338}.Release|Any CPU.ActiveCfg = Release|Any CPU
		{5F72C6D8-2996-441B-9705-F98CEEF2A338}.Release|Any CPU.Build.0 = Release|Any CPU
		{5F72C6D8-2996-441B-9705-F98CEEF2A338}.Release|x64.ActiveCfg = Release|Any CPU
		{5F72C6D8-2996-441B-9705-F98CEEF2A338}.Release|x64.Build.0 = Release|Any CPU
		{5F72C6D8-2996-441B-9705-F98CEEF2A338}.Release|x86.ActiveCfg = Release|Any CPU
		{5F72C6D8-2996-441B-9705-F98CEEF2A338}.Release|x86.Build.0 = Release|Any CPU
		{A5110231-FD26-4B26-8FB3-2CA298CBE264}.Debug|Any CPU.ActiveCfg = Debug|Any CPU
		{A5110231-FD26-4B26-8FB3-2CA298CBE264}.Debug|Any CPU.Build.0 = Debug|Any CPU
		{A5110231-FD26-4B26-8FB3-2CA298CBE264}.Debug|x64.ActiveCfg = Debug|Any CPU
		{A5110231-FD26-4B26-8FB3-2CA298CBE264}.Debug|x64.Build.0 = Debug|Any CPU
		{A5110231-FD26-4B26-8FB3-2CA298CBE264}.Debug|x86.ActiveCfg = Debug|Any CPU
		{A5110231-FD26-4B26-8FB3-2CA298CBE264}.Debug|x86.Build.0 = Debug|Any CPU
		{A5110231-FD26-4B26-8FB3-2CA298CBE264}.Release|Any CPU.ActiveCfg = Release|Any CPU
		{A5110231-FD26-4B26-8FB3-2CA298CBE264}.Release|Any CPU.Build.0 = Release|Any CPU
		{A5110231-FD26-4B26-8FB3-2CA298CBE264}.Release|x64.ActiveCfg = Release|Any CPU
		{A5110231-FD26-4B26-8FB3-2CA298CBE264}.Release|x64.Build.0 = Release|Any CPU
		{A5110231-FD26-4B26-8FB3-2CA298CBE264}.Release|x86.ActiveCfg = Release|Any CPU
		{A5110231-FD26-4B26-8FB3-2CA298CBE264}.Release|x86.Build.0 = Release|Any CPU
		{889CF709-5F3D-4423-9F9A-CF7065CA0DEA}.Debug|Any CPU.ActiveCfg = Debug|Any CPU
		{889CF709-5F3D-4423-9F9A-CF7065CA0DEA}.Debug|Any CPU.Build.0 = Debug|Any CPU
		{889CF709-5F3D-4423-9F9A-CF7065CA0DEA}.Debug|x64.ActiveCfg = Debug|Any CPU
		{889CF709-5F3D-4423-9F9A-CF7065CA0DEA}.Debug|x64.Build.0 = Debug|Any CPU
		{889CF709-5F3D-4423-9F9A-CF7065CA0DEA}.Debug|x86.ActiveCfg = Debug|Any CPU
		{889CF709-5F3D-4423-9F9A-CF7065CA0DEA}.Debug|x86.Build.0 = Debug|Any CPU
		{889CF709-5F3D-4423-9F9A-CF7065CA0DEA}.Release|Any CPU.ActiveCfg = Release|Any CPU
		{889CF709-5F3D-4423-9F9A-CF7065CA0DEA}.Release|Any CPU.Build.0 = Release|Any CPU
		{889CF709-5F3D-4423-9F9A-CF7065CA0DEA}.Release|x64.ActiveCfg = Release|Any CPU
		{889CF709-5F3D-4423-9F9A-CF7065CA0DEA}.Release|x64.Build.0 = Release|Any CPU
		{889CF709-5F3D-4423-9F9A-CF7065CA0DEA}.Release|x86.ActiveCfg = Release|Any CPU
		{889CF709-5F3D-4423-9F9A-CF7065CA0DEA}.Release|x86.Build.0 = Release|Any CPU
		{5FEC5F24-1B7C-4F6A-8EBD-0B334B506C47}.Debug|Any CPU.ActiveCfg = Debug|Any CPU
		{5FEC5F24-1B7C-4F6A-8EBD-0B334B506C47}.Debug|Any CPU.Build.0 = Debug|Any CPU
		{5FEC5F24-1B7C-4F6A-8EBD-0B334B506C47}.Debug|x64.ActiveCfg = Debug|Any CPU
		{5FEC5F24-1B7C-4F6A-8EBD-0B334B506C47}.Debug|x64.Build.0 = Debug|Any CPU
		{5FEC5F24-1B7C-4F6A-8EBD-0B334B506C47}.Debug|x86.ActiveCfg = Debug|Any CPU
		{5FEC5F24-1B7C-4F6A-8EBD-0B334B506C47}.Debug|x86.Build.0 = Debug|Any CPU
		{5FEC5F24-1B7C-4F6A-8EBD-0B334B506C47}.Release|Any CPU.ActiveCfg = Release|Any CPU
		{5FEC5F24-1B7C-4F6A-8EBD-0B334B506C47}.Release|Any CPU.Build.0 = Release|Any CPU
		{5FEC5F24-1B7C-4F6A-8EBD-0B334B506C47}.Release|x64.ActiveCfg = Release|Any CPU
		{5FEC5F24-1B7C-4F6A-8EBD-0B334B506C47}.Release|x64.Build.0 = Release|Any CPU
		{5FEC5F24-1B7C-4F6A-8EBD-0B334B506C47}.Release|x86.ActiveCfg = Release|Any CPU
		{5FEC5F24-1B7C-4F6A-8EBD-0B334B506C47}.Release|x86.Build.0 = Release|Any CPU
		{BB44045C-4D7D-4889-ADC0-4CCBB2CCAA94}.Debug|Any CPU.ActiveCfg = Debug|Any CPU
		{BB44045C-4D7D-4889-ADC0-4CCBB2CCAA94}.Debug|Any CPU.Build.0 = Debug|Any CPU
		{BB44045C-4D7D-4889-ADC0-4CCBB2CCAA94}.Debug|x64.ActiveCfg = Debug|Any CPU
		{BB44045C-4D7D-4889-ADC0-4CCBB2CCAA94}.Debug|x64.Build.0 = Debug|Any CPU
		{BB44045C-4D7D-4889-ADC0-4CCBB2CCAA94}.Debug|x86.ActiveCfg = Debug|Any CPU
		{BB44045C-4D7D-4889-ADC0-4CCBB2CCAA94}.Debug|x86.Build.0 = Debug|Any CPU
		{BB44045C-4D7D-4889-ADC0-4CCBB2CCAA94}.Release|Any CPU.ActiveCfg = Release|Any CPU
		{BB44045C-4D7D-4889-ADC0-4CCBB2CCAA94}.Release|Any CPU.Build.0 = Release|Any CPU
		{BB44045C-4D7D-4889-ADC0-4CCBB2CCAA94}.Release|x64.ActiveCfg = Release|Any CPU
		{BB44045C-4D7D-4889-ADC0-4CCBB2CCAA94}.Release|x64.Build.0 = Release|Any CPU
		{BB44045C-4D7D-4889-ADC0-4CCBB2CCAA94}.Release|x86.ActiveCfg = Release|Any CPU
		{BB44045C-4D7D-4889-ADC0-4CCBB2CCAA94}.Release|x86.Build.0 = Release|Any CPU
		{3D25091A-74DF-472B-83B5-CD7F12242A21}.Debug|Any CPU.ActiveCfg = Debug|Any CPU
		{3D25091A-74DF-472B-83B5-CD7F12242A21}.Debug|Any CPU.Build.0 = Debug|Any CPU
		{3D25091A-74DF-472B-83B5-CD7F12242A21}.Debug|x64.ActiveCfg = Debug|Any CPU
		{3D25091A-74DF-472B-83B5-CD7F12242A21}.Debug|x64.Build.0 = Debug|Any CPU
		{3D25091A-74DF-472B-83B5-CD7F12242A21}.Debug|x86.ActiveCfg = Debug|Any CPU
		{3D25091A-74DF-472B-83B5-CD7F12242A21}.Debug|x86.Build.0 = Debug|Any CPU
		{3D25091A-74DF-472B-83B5-CD7F12242A21}.Release|Any CPU.ActiveCfg = Release|Any CPU
		{3D25091A-74DF-472B-83B5-CD7F12242A21}.Release|Any CPU.Build.0 = Release|Any CPU
		{3D25091A-74DF-472B-83B5-CD7F12242A21}.Release|x64.ActiveCfg = Release|Any CPU
		{3D25091A-74DF-472B-83B5-CD7F12242A21}.Release|x64.Build.0 = Release|Any CPU
		{3D25091A-74DF-472B-83B5-CD7F12242A21}.Release|x86.ActiveCfg = Release|Any CPU
		{3D25091A-74DF-472B-83B5-CD7F12242A21}.Release|x86.Build.0 = Release|Any CPU
		{F632146A-51C3-4F4E-8FFD-AD2B42874A26}.Debug|Any CPU.ActiveCfg = Debug|Any CPU
		{F632146A-51C3-4F4E-8FFD-AD2B42874A26}.Debug|Any CPU.Build.0 = Debug|Any CPU
		{F632146A-51C3-4F4E-8FFD-AD2B42874A26}.Debug|x64.ActiveCfg = Debug|Any CPU
		{F632146A-51C3-4F4E-8FFD-AD2B42874A26}.Debug|x64.Build.0 = Debug|Any CPU
		{F632146A-51C3-4F4E-8FFD-AD2B42874A26}.Debug|x86.ActiveCfg = Debug|Any CPU
		{F632146A-51C3-4F4E-8FFD-AD2B42874A26}.Debug|x86.Build.0 = Debug|Any CPU
		{F632146A-51C3-4F4E-8FFD-AD2B42874A26}.Release|Any CPU.ActiveCfg = Release|Any CPU
		{F632146A-51C3-4F4E-8FFD-AD2B42874A26}.Release|Any CPU.Build.0 = Release|Any CPU
		{F632146A-51C3-4F4E-8FFD-AD2B42874A26}.Release|x64.ActiveCfg = Release|Any CPU
		{F632146A-51C3-4F4E-8FFD-AD2B42874A26}.Release|x64.Build.0 = Release|Any CPU
		{F632146A-51C3-4F4E-8FFD-AD2B42874A26}.Release|x86.ActiveCfg = Release|Any CPU
		{F632146A-51C3-4F4E-8FFD-AD2B42874A26}.Release|x86.Build.0 = Release|Any CPU
		{57462AFA-04F7-48DC-9B22-B8C9CBC1734B}.Debug|Any CPU.ActiveCfg = Debug|Any CPU
		{57462AFA-04F7-48DC-9B22-B8C9CBC1734B}.Debug|Any CPU.Build.0 = Debug|Any CPU
		{57462AFA-04F7-48DC-9B22-B8C9CBC1734B}.Debug|x64.ActiveCfg = Debug|Any CPU
		{57462AFA-04F7-48DC-9B22-B8C9CBC1734B}.Debug|x64.Build.0 = Debug|Any CPU
		{57462AFA-04F7-48DC-9B22-B8C9CBC1734B}.Debug|x86.ActiveCfg = Debug|Any CPU
		{57462AFA-04F7-48DC-9B22-B8C9CBC1734B}.Debug|x86.Build.0 = Debug|Any CPU
		{57462AFA-04F7-48DC-9B22-B8C9CBC1734B}.Release|Any CPU.ActiveCfg = Release|Any CPU
		{57462AFA-04F7-48DC-9B22-B8C9CBC1734B}.Release|Any CPU.Build.0 = Release|Any CPU
		{57462AFA-04F7-48DC-9B22-B8C9CBC1734B}.Release|x64.ActiveCfg = Release|Any CPU
		{57462AFA-04F7-48DC-9B22-B8C9CBC1734B}.Release|x64.Build.0 = Release|Any CPU
		{57462AFA-04F7-48DC-9B22-B8C9CBC1734B}.Release|x86.ActiveCfg = Release|Any CPU
		{57462AFA-04F7-48DC-9B22-B8C9CBC1734B}.Release|x86.Build.0 = Release|Any CPU
		{6506597F-57D9-4404-8839-2F95F57E4D15}.Debug|Any CPU.ActiveCfg = Debug|Any CPU
		{6506597F-57D9-4404-8839-2F95F57E4D15}.Debug|Any CPU.Build.0 = Debug|Any CPU
		{6506597F-57D9-4404-8839-2F95F57E4D15}.Debug|x64.ActiveCfg = Debug|Any CPU
		{6506597F-57D9-4404-8839-2F95F57E4D15}.Debug|x64.Build.0 = Debug|Any CPU
		{6506597F-57D9-4404-8839-2F95F57E4D15}.Debug|x86.ActiveCfg = Debug|Any CPU
		{6506597F-57D9-4404-8839-2F95F57E4D15}.Debug|x86.Build.0 = Debug|Any CPU
		{6506597F-57D9-4404-8839-2F95F57E4D15}.Release|Any CPU.ActiveCfg = Release|Any CPU
		{6506597F-57D9-4404-8839-2F95F57E4D15}.Release|Any CPU.Build.0 = Release|Any CPU
		{6506597F-57D9-4404-8839-2F95F57E4D15}.Release|x64.ActiveCfg = Release|Any CPU
		{6506597F-57D9-4404-8839-2F95F57E4D15}.Release|x64.Build.0 = Release|Any CPU
		{6506597F-57D9-4404-8839-2F95F57E4D15}.Release|x86.ActiveCfg = Release|Any CPU
		{6506597F-57D9-4404-8839-2F95F57E4D15}.Release|x86.Build.0 = Release|Any CPU
		{41CA8A23-7073-4083-BE44-DA0AF8E2EAD0}.Debug|Any CPU.ActiveCfg = Debug|Any CPU
		{41CA8A23-7073-4083-BE44-DA0AF8E2EAD0}.Debug|Any CPU.Build.0 = Debug|Any CPU
		{41CA8A23-7073-4083-BE44-DA0AF8E2EAD0}.Debug|x64.ActiveCfg = Debug|Any CPU
		{41CA8A23-7073-4083-BE44-DA0AF8E2EAD0}.Debug|x64.Build.0 = Debug|Any CPU
		{41CA8A23-7073-4083-BE44-DA0AF8E2EAD0}.Debug|x86.ActiveCfg = Debug|Any CPU
		{41CA8A23-7073-4083-BE44-DA0AF8E2EAD0}.Debug|x86.Build.0 = Debug|Any CPU
		{41CA8A23-7073-4083-BE44-DA0AF8E2EAD0}.Release|Any CPU.ActiveCfg = Release|Any CPU
		{41CA8A23-7073-4083-BE44-DA0AF8E2EAD0}.Release|Any CPU.Build.0 = Release|Any CPU
		{41CA8A23-7073-4083-BE44-DA0AF8E2EAD0}.Release|x64.ActiveCfg = Release|Any CPU
		{41CA8A23-7073-4083-BE44-DA0AF8E2EAD0}.Release|x64.Build.0 = Release|Any CPU
		{41CA8A23-7073-4083-BE44-DA0AF8E2EAD0}.Release|x86.ActiveCfg = Release|Any CPU
		{41CA8A23-7073-4083-BE44-DA0AF8E2EAD0}.Release|x86.Build.0 = Release|Any CPU
		{48D5249F-997D-43C3-A8D4-7F8E0AC86C66}.Debug|Any CPU.ActiveCfg = Debug|Any CPU
		{48D5249F-997D-43C3-A8D4-7F8E0AC86C66}.Debug|Any CPU.Build.0 = Debug|Any CPU
		{48D5249F-997D-43C3-A8D4-7F8E0AC86C66}.Debug|x64.ActiveCfg = Debug|Any CPU
		{48D5249F-997D-43C3-A8D4-7F8E0AC86C66}.Debug|x64.Build.0 = Debug|Any CPU
		{48D5249F-997D-43C3-A8D4-7F8E0AC86C66}.Debug|x86.ActiveCfg = Debug|Any CPU
		{48D5249F-997D-43C3-A8D4-7F8E0AC86C66}.Debug|x86.Build.0 = Debug|Any CPU
		{48D5249F-997D-43C3-A8D4-7F8E0AC86C66}.Release|Any CPU.ActiveCfg = Release|Any CPU
		{48D5249F-997D-43C3-A8D4-7F8E0AC86C66}.Release|Any CPU.Build.0 = Release|Any CPU
		{48D5249F-997D-43C3-A8D4-7F8E0AC86C66}.Release|x64.ActiveCfg = Release|Any CPU
		{48D5249F-997D-43C3-A8D4-7F8E0AC86C66}.Release|x64.Build.0 = Release|Any CPU
		{48D5249F-997D-43C3-A8D4-7F8E0AC86C66}.Release|x86.ActiveCfg = Release|Any CPU
		{48D5249F-997D-43C3-A8D4-7F8E0AC86C66}.Release|x86.Build.0 = Release|Any CPU
		{696ADA69-05E6-47C3-BF7F-85B5EA51A6C6}.Debug|Any CPU.ActiveCfg = Debug|Any CPU
		{696ADA69-05E6-47C3-BF7F-85B5EA51A6C6}.Debug|Any CPU.Build.0 = Debug|Any CPU
		{696ADA69-05E6-47C3-BF7F-85B5EA51A6C6}.Debug|x64.ActiveCfg = Debug|Any CPU
		{696ADA69-05E6-47C3-BF7F-85B5EA51A6C6}.Debug|x64.Build.0 = Debug|Any CPU
		{696ADA69-05E6-47C3-BF7F-85B5EA51A6C6}.Debug|x86.ActiveCfg = Debug|Any CPU
		{696ADA69-05E6-47C3-BF7F-85B5EA51A6C6}.Debug|x86.Build.0 = Debug|Any CPU
		{696ADA69-05E6-47C3-BF7F-85B5EA51A6C6}.Release|Any CPU.ActiveCfg = Release|Any CPU
		{696ADA69-05E6-47C3-BF7F-85B5EA51A6C6}.Release|Any CPU.Build.0 = Release|Any CPU
		{696ADA69-05E6-47C3-BF7F-85B5EA51A6C6}.Release|x64.ActiveCfg = Release|Any CPU
		{696ADA69-05E6-47C3-BF7F-85B5EA51A6C6}.Release|x64.Build.0 = Release|Any CPU
		{696ADA69-05E6-47C3-BF7F-85B5EA51A6C6}.Release|x86.ActiveCfg = Release|Any CPU
		{696ADA69-05E6-47C3-BF7F-85B5EA51A6C6}.Release|x86.Build.0 = Release|Any CPU
		{BE7EAE11-1B48-4056-872A-025E0FA9F58B}.Debug|Any CPU.ActiveCfg = Debug|Any CPU
		{BE7EAE11-1B48-4056-872A-025E0FA9F58B}.Debug|Any CPU.Build.0 = Debug|Any CPU
		{BE7EAE11-1B48-4056-872A-025E0FA9F58B}.Debug|x64.ActiveCfg = Debug|Any CPU
		{BE7EAE11-1B48-4056-872A-025E0FA9F58B}.Debug|x64.Build.0 = Debug|Any CPU
		{BE7EAE11-1B48-4056-872A-025E0FA9F58B}.Debug|x86.ActiveCfg = Debug|Any CPU
		{BE7EAE11-1B48-4056-872A-025E0FA9F58B}.Debug|x86.Build.0 = Debug|Any CPU
		{BE7EAE11-1B48-4056-872A-025E0FA9F58B}.Release|Any CPU.ActiveCfg = Release|Any CPU
		{BE7EAE11-1B48-4056-872A-025E0FA9F58B}.Release|Any CPU.Build.0 = Release|Any CPU
		{BE7EAE11-1B48-4056-872A-025E0FA9F58B}.Release|x64.ActiveCfg = Release|Any CPU
		{BE7EAE11-1B48-4056-872A-025E0FA9F58B}.Release|x64.Build.0 = Release|Any CPU
		{BE7EAE11-1B48-4056-872A-025E0FA9F58B}.Release|x86.ActiveCfg = Release|Any CPU
		{BE7EAE11-1B48-4056-872A-025E0FA9F58B}.Release|x86.Build.0 = Release|Any CPU
		{9E9C50E2-AFBF-4EAB-B68B-172D6A472AE9}.Debug|Any CPU.ActiveCfg = Debug|Any CPU
		{9E9C50E2-AFBF-4EAB-B68B-172D6A472AE9}.Debug|Any CPU.Build.0 = Debug|Any CPU
		{9E9C50E2-AFBF-4EAB-B68B-172D6A472AE9}.Debug|x64.ActiveCfg = Debug|Any CPU
		{9E9C50E2-AFBF-4EAB-B68B-172D6A472AE9}.Debug|x64.Build.0 = Debug|Any CPU
		{9E9C50E2-AFBF-4EAB-B68B-172D6A472AE9}.Debug|x86.ActiveCfg = Debug|Any CPU
		{9E9C50E2-AFBF-4EAB-B68B-172D6A472AE9}.Debug|x86.Build.0 = Debug|Any CPU
		{9E9C50E2-AFBF-4EAB-B68B-172D6A472AE9}.Release|Any CPU.ActiveCfg = Release|Any CPU
		{9E9C50E2-AFBF-4EAB-B68B-172D6A472AE9}.Release|Any CPU.Build.0 = Release|Any CPU
		{9E9C50E2-AFBF-4EAB-B68B-172D6A472AE9}.Release|x64.ActiveCfg = Release|Any CPU
		{9E9C50E2-AFBF-4EAB-B68B-172D6A472AE9}.Release|x64.Build.0 = Release|Any CPU
		{9E9C50E2-AFBF-4EAB-B68B-172D6A472AE9}.Release|x86.ActiveCfg = Release|Any CPU
		{9E9C50E2-AFBF-4EAB-B68B-172D6A472AE9}.Release|x86.Build.0 = Release|Any CPU
		{64D5544D-1724-468E-9C4D-DDFD4F62BFC7}.Debug|Any CPU.ActiveCfg = Debug|Any CPU
		{64D5544D-1724-468E-9C4D-DDFD4F62BFC7}.Debug|Any CPU.Build.0 = Debug|Any CPU
		{64D5544D-1724-468E-9C4D-DDFD4F62BFC7}.Debug|x64.ActiveCfg = Debug|Any CPU
		{64D5544D-1724-468E-9C4D-DDFD4F62BFC7}.Debug|x64.Build.0 = Debug|Any CPU
		{64D5544D-1724-468E-9C4D-DDFD4F62BFC7}.Debug|x86.ActiveCfg = Debug|Any CPU
		{64D5544D-1724-468E-9C4D-DDFD4F62BFC7}.Debug|x86.Build.0 = Debug|Any CPU
		{64D5544D-1724-468E-9C4D-DDFD4F62BFC7}.Release|Any CPU.ActiveCfg = Release|Any CPU
		{64D5544D-1724-468E-9C4D-DDFD4F62BFC7}.Release|Any CPU.Build.0 = Release|Any CPU
		{64D5544D-1724-468E-9C4D-DDFD4F62BFC7}.Release|x64.ActiveCfg = Release|Any CPU
		{64D5544D-1724-468E-9C4D-DDFD4F62BFC7}.Release|x64.Build.0 = Release|Any CPU
		{64D5544D-1724-468E-9C4D-DDFD4F62BFC7}.Release|x86.ActiveCfg = Release|Any CPU
		{64D5544D-1724-468E-9C4D-DDFD4F62BFC7}.Release|x86.Build.0 = Release|Any CPU
		{87F88918-536B-4E51-90BE-D2F53A55EA98}.Debug|Any CPU.ActiveCfg = Debug|Any CPU
		{87F88918-536B-4E51-90BE-D2F53A55EA98}.Debug|Any CPU.Build.0 = Debug|Any CPU
		{87F88918-536B-4E51-90BE-D2F53A55EA98}.Debug|x64.ActiveCfg = Debug|Any CPU
		{87F88918-536B-4E51-90BE-D2F53A55EA98}.Debug|x64.Build.0 = Debug|Any CPU
		{87F88918-536B-4E51-90BE-D2F53A55EA98}.Debug|x86.ActiveCfg = Debug|Any CPU
		{87F88918-536B-4E51-90BE-D2F53A55EA98}.Debug|x86.Build.0 = Debug|Any CPU
		{87F88918-536B-4E51-90BE-D2F53A55EA98}.Release|Any CPU.ActiveCfg = Release|Any CPU
		{87F88918-536B-4E51-90BE-D2F53A55EA98}.Release|Any CPU.Build.0 = Release|Any CPU
		{87F88918-536B-4E51-90BE-D2F53A55EA98}.Release|x64.ActiveCfg = Release|Any CPU
		{87F88918-536B-4E51-90BE-D2F53A55EA98}.Release|x64.Build.0 = Release|Any CPU
		{87F88918-536B-4E51-90BE-D2F53A55EA98}.Release|x86.ActiveCfg = Release|Any CPU
		{87F88918-536B-4E51-90BE-D2F53A55EA98}.Release|x86.Build.0 = Release|Any CPU
		{1561E7FA-86E1-4C1E-BF17-CE09351F382F}.Debug|Any CPU.ActiveCfg = Debug|Any CPU
		{1561E7FA-86E1-4C1E-BF17-CE09351F382F}.Debug|Any CPU.Build.0 = Debug|Any CPU
		{1561E7FA-86E1-4C1E-BF17-CE09351F382F}.Debug|x64.ActiveCfg = Debug|Any CPU
		{1561E7FA-86E1-4C1E-BF17-CE09351F382F}.Debug|x64.Build.0 = Debug|Any CPU
		{1561E7FA-86E1-4C1E-BF17-CE09351F382F}.Debug|x86.ActiveCfg = Debug|Any CPU
		{1561E7FA-86E1-4C1E-BF17-CE09351F382F}.Debug|x86.Build.0 = Debug|Any CPU
		{1561E7FA-86E1-4C1E-BF17-CE09351F382F}.Release|Any CPU.ActiveCfg = Release|Any CPU
		{1561E7FA-86E1-4C1E-BF17-CE09351F382F}.Release|Any CPU.Build.0 = Release|Any CPU
		{1561E7FA-86E1-4C1E-BF17-CE09351F382F}.Release|x64.ActiveCfg = Release|Any CPU
		{1561E7FA-86E1-4C1E-BF17-CE09351F382F}.Release|x64.Build.0 = Release|Any CPU
		{1561E7FA-86E1-4C1E-BF17-CE09351F382F}.Release|x86.ActiveCfg = Release|Any CPU
		{1561E7FA-86E1-4C1E-BF17-CE09351F382F}.Release|x86.Build.0 = Release|Any CPU
		{D2218048-4961-40FF-8FEC-4A69A73258B3}.Debug|Any CPU.ActiveCfg = Debug|Any CPU
		{D2218048-4961-40FF-8FEC-4A69A73258B3}.Debug|Any CPU.Build.0 = Debug|Any CPU
		{D2218048-4961-40FF-8FEC-4A69A73258B3}.Debug|x64.ActiveCfg = Debug|Any CPU
		{D2218048-4961-40FF-8FEC-4A69A73258B3}.Debug|x64.Build.0 = Debug|Any CPU
		{D2218048-4961-40FF-8FEC-4A69A73258B3}.Debug|x86.ActiveCfg = Debug|Any CPU
		{D2218048-4961-40FF-8FEC-4A69A73258B3}.Debug|x86.Build.0 = Debug|Any CPU
		{D2218048-4961-40FF-8FEC-4A69A73258B3}.Release|Any CPU.ActiveCfg = Release|Any CPU
		{D2218048-4961-40FF-8FEC-4A69A73258B3}.Release|Any CPU.Build.0 = Release|Any CPU
		{D2218048-4961-40FF-8FEC-4A69A73258B3}.Release|x64.ActiveCfg = Release|Any CPU
		{D2218048-4961-40FF-8FEC-4A69A73258B3}.Release|x64.Build.0 = Release|Any CPU
		{D2218048-4961-40FF-8FEC-4A69A73258B3}.Release|x86.ActiveCfg = Release|Any CPU
		{D2218048-4961-40FF-8FEC-4A69A73258B3}.Release|x86.Build.0 = Release|Any CPU
		{B39E3696-4FFF-484D-88A0-7F08D6F84AC0}.Debug|Any CPU.ActiveCfg = Debug|Any CPU
		{B39E3696-4FFF-484D-88A0-7F08D6F84AC0}.Debug|Any CPU.Build.0 = Debug|Any CPU
		{B39E3696-4FFF-484D-88A0-7F08D6F84AC0}.Debug|x64.ActiveCfg = Debug|Any CPU
		{B39E3696-4FFF-484D-88A0-7F08D6F84AC0}.Debug|x64.Build.0 = Debug|Any CPU
		{B39E3696-4FFF-484D-88A0-7F08D6F84AC0}.Debug|x86.ActiveCfg = Debug|Any CPU
		{B39E3696-4FFF-484D-88A0-7F08D6F84AC0}.Debug|x86.Build.0 = Debug|Any CPU
		{B39E3696-4FFF-484D-88A0-7F08D6F84AC0}.Release|Any CPU.ActiveCfg = Release|Any CPU
		{B39E3696-4FFF-484D-88A0-7F08D6F84AC0}.Release|Any CPU.Build.0 = Release|Any CPU
		{B39E3696-4FFF-484D-88A0-7F08D6F84AC0}.Release|x64.ActiveCfg = Release|Any CPU
		{B39E3696-4FFF-484D-88A0-7F08D6F84AC0}.Release|x64.Build.0 = Release|Any CPU
		{B39E3696-4FFF-484D-88A0-7F08D6F84AC0}.Release|x86.ActiveCfg = Release|Any CPU
		{B39E3696-4FFF-484D-88A0-7F08D6F84AC0}.Release|x86.Build.0 = Release|Any CPU
		{73BF1E35-76C3-4EDA-A12B-A5F4CAC3CF63}.Debug|Any CPU.ActiveCfg = Debug|Any CPU
		{73BF1E35-76C3-4EDA-A12B-A5F4CAC3CF63}.Debug|Any CPU.Build.0 = Debug|Any CPU
		{73BF1E35-76C3-4EDA-A12B-A5F4CAC3CF63}.Debug|x64.ActiveCfg = Debug|Any CPU
		{73BF1E35-76C3-4EDA-A12B-A5F4CAC3CF63}.Debug|x64.Build.0 = Debug|Any CPU
		{73BF1E35-76C3-4EDA-A12B-A5F4CAC3CF63}.Debug|x86.ActiveCfg = Debug|Any CPU
		{73BF1E35-76C3-4EDA-A12B-A5F4CAC3CF63}.Debug|x86.Build.0 = Debug|Any CPU
		{73BF1E35-76C3-4EDA-A12B-A5F4CAC3CF63}.Release|Any CPU.ActiveCfg = Release|Any CPU
		{73BF1E35-76C3-4EDA-A12B-A5F4CAC3CF63}.Release|Any CPU.Build.0 = Release|Any CPU
		{73BF1E35-76C3-4EDA-A12B-A5F4CAC3CF63}.Release|x64.ActiveCfg = Release|Any CPU
		{73BF1E35-76C3-4EDA-A12B-A5F4CAC3CF63}.Release|x64.Build.0 = Release|Any CPU
		{73BF1E35-76C3-4EDA-A12B-A5F4CAC3CF63}.Release|x86.ActiveCfg = Release|Any CPU
		{73BF1E35-76C3-4EDA-A12B-A5F4CAC3CF63}.Release|x86.Build.0 = Release|Any CPU
		{0BA16A19-A137-4EFE-B8D5-A848D39662B3}.Debug|Any CPU.ActiveCfg = Debug|Any CPU
		{0BA16A19-A137-4EFE-B8D5-A848D39662B3}.Debug|Any CPU.Build.0 = Debug|Any CPU
		{0BA16A19-A137-4EFE-B8D5-A848D39662B3}.Debug|x64.ActiveCfg = Debug|Any CPU
		{0BA16A19-A137-4EFE-B8D5-A848D39662B3}.Debug|x64.Build.0 = Debug|Any CPU
		{0BA16A19-A137-4EFE-B8D5-A848D39662B3}.Debug|x86.ActiveCfg = Debug|Any CPU
		{0BA16A19-A137-4EFE-B8D5-A848D39662B3}.Debug|x86.Build.0 = Debug|Any CPU
		{0BA16A19-A137-4EFE-B8D5-A848D39662B3}.Release|Any CPU.ActiveCfg = Release|Any CPU
		{0BA16A19-A137-4EFE-B8D5-A848D39662B3}.Release|Any CPU.Build.0 = Release|Any CPU
		{0BA16A19-A137-4EFE-B8D5-A848D39662B3}.Release|x64.ActiveCfg = Release|Any CPU
		{0BA16A19-A137-4EFE-B8D5-A848D39662B3}.Release|x64.Build.0 = Release|Any CPU
		{0BA16A19-A137-4EFE-B8D5-A848D39662B3}.Release|x86.ActiveCfg = Release|Any CPU
		{0BA16A19-A137-4EFE-B8D5-A848D39662B3}.Release|x86.Build.0 = Release|Any CPU
		{40F23043-E093-4873-968B-7F2A64283EA2}.Debug|Any CPU.ActiveCfg = Debug|Any CPU
		{40F23043-E093-4873-968B-7F2A64283EA2}.Debug|Any CPU.Build.0 = Debug|Any CPU
		{40F23043-E093-4873-968B-7F2A64283EA2}.Debug|x64.ActiveCfg = Debug|Any CPU
		{40F23043-E093-4873-968B-7F2A64283EA2}.Debug|x64.Build.0 = Debug|Any CPU
		{40F23043-E093-4873-968B-7F2A64283EA2}.Debug|x86.ActiveCfg = Debug|Any CPU
		{40F23043-E093-4873-968B-7F2A64283EA2}.Debug|x86.Build.0 = Debug|Any CPU
		{40F23043-E093-4873-968B-7F2A64283EA2}.Release|Any CPU.ActiveCfg = Release|Any CPU
		{40F23043-E093-4873-968B-7F2A64283EA2}.Release|Any CPU.Build.0 = Release|Any CPU
		{40F23043-E093-4873-968B-7F2A64283EA2}.Release|x64.ActiveCfg = Release|Any CPU
		{40F23043-E093-4873-968B-7F2A64283EA2}.Release|x64.Build.0 = Release|Any CPU
		{40F23043-E093-4873-968B-7F2A64283EA2}.Release|x86.ActiveCfg = Release|Any CPU
		{40F23043-E093-4873-968B-7F2A64283EA2}.Release|x86.Build.0 = Release|Any CPU
		{F8268151-A4F1-40A3-8459-DF738532B3FD}.Debug|Any CPU.ActiveCfg = Debug|Any CPU
		{F8268151-A4F1-40A3-8459-DF738532B3FD}.Debug|Any CPU.Build.0 = Debug|Any CPU
		{F8268151-A4F1-40A3-8459-DF738532B3FD}.Debug|x64.ActiveCfg = Debug|Any CPU
		{F8268151-A4F1-40A3-8459-DF738532B3FD}.Debug|x64.Build.0 = Debug|Any CPU
		{F8268151-A4F1-40A3-8459-DF738532B3FD}.Debug|x86.ActiveCfg = Debug|Any CPU
		{F8268151-A4F1-40A3-8459-DF738532B3FD}.Debug|x86.Build.0 = Debug|Any CPU
		{F8268151-A4F1-40A3-8459-DF738532B3FD}.Release|Any CPU.ActiveCfg = Release|Any CPU
		{F8268151-A4F1-40A3-8459-DF738532B3FD}.Release|Any CPU.Build.0 = Release|Any CPU
		{F8268151-A4F1-40A3-8459-DF738532B3FD}.Release|x64.ActiveCfg = Release|Any CPU
		{F8268151-A4F1-40A3-8459-DF738532B3FD}.Release|x64.Build.0 = Release|Any CPU
		{F8268151-A4F1-40A3-8459-DF738532B3FD}.Release|x86.ActiveCfg = Release|Any CPU
		{F8268151-A4F1-40A3-8459-DF738532B3FD}.Release|x86.Build.0 = Release|Any CPU
	EndGlobalSection
	GlobalSection(SolutionProperties) = preSolution
		HideSolutionNode = FALSE
	EndGlobalSection
EndGlobal
